
Microsoft Visual Studio Solution File, Format Version 12.00
# Visual Studio Version 17
VisualStudioVersion = 17.5.33627.172
MinimumVisualStudioVersion = 10.0.40219.1
Project("{FAE04EC0-301F-11D3-BF4B-00C04F79EFBC}") = "Inglés", "Inglés\Inglés.csproj", "{D6E04A04-DA13-441D-AAF7-EE97D3BC457F}"
EndProject
Global
	GlobalSection(SolutionConfigurationPlatforms) = preSolution
		Debug|Any CPU = Debug|Any CPU
		Release|Any CPU = Release|Any CPU
	EndGlobalSection
	GlobalSection(ProjectConfigurationPlatforms) = postSolution
		{D6E04A04-DA13-441D-AAF7-EE97D3BC457F}.Debug|Any CPU.ActiveCfg = Debug|Any CPU
		{D6E04A04-DA13-441D-AAF7-EE97D3BC457F}.Debug|Any CPU.Build.0 = Debug|Any CPU
		{D6E04A04-DA13-441D-AAF7-EE97D3BC457F}.Release|Any CPU.ActiveCfg = Release|Any CPU
		{D6E04A04-DA13-441D-AAF7-EE97D3BC457F}.Release|Any CPU.Build.0 = Release|Any CPU
	EndGlobalSection
	GlobalSection(SolutionProperties) = preSolution
		HideSolutionNode = FALSE
	EndGlobalSection
	GlobalSection(ExtensibilityGlobals) = postSolution
		SolutionGuid = {85E3C550-0B54-4570-AD64-99B8A2E803B8}
	EndGlobalSection
EndGlobal
